{
  "meteor": {
    "branch": "shark"
  },
  "dependencies": {
    "basePackages": {
      "Mobi-Router": {}
    },
    "packages": {
      "Mobi-Router": {
        "git": "https://github.com/Matheus90/mobi-router.git",
        "tag": "v0.3.4",
        "commit": "f7956312401b634233a3473d4757596f0bae30f4"
      }
    }
  }
}
