{
  "meteor": {
    "branch": "shark"
  },
  "dependencies": {
    "basePackages": {
      "Mobi-Router": {}
    },
    "packages": {
      "Mobi-Router": {
        "git": "https://github.com/Matheus90/mobi-router.git",
        "tag": "v0.3.6",
        "commit": "b5bca44bb04e27981934e499e06892f9a6f0aaa3"
      }
    }
  }
}
