{
  "meteor": {
    "branch": "shark"
  },
  "dependencies": {
    "basePackages": {
      "Mobi-Router": {}
    },
    "packages": {
      "Mobi-Router": {
        "git": "https://github.com/Matheus90/mobi-router.git",
        "tag": "v0.4.3",
        "commit": "7c486e55ad519f52ac9eeda4ad69edfb8ee98c63"
      }
    }
  }
}
